// !$*UTF8*$!
{
	archiveVersion = 1;
	classes = {
	};
	objectVersion = 77;
	objects = {

/* Begin PBXBuildFile section */
		FC3484F92F802F0D00AD28CA /* FirebaseAuth in Frameworks */ = {isa = PBXBuildFile; productRef = FC3484F82F802F0D00AD28CA /* FirebaseAuth */; };
		FC3484FB2F802F0D00AD28CA /* FirebaseCore in Frameworks */ = {isa = PBXBuildFile; productRef = FC3484FA2F802F0D00AD28CA /* FirebaseCore */; };
		FC3484FF2F802F0D00AD28CA /* FirebaseFirestore in Frameworks */ = {isa = PBXBuildFile; productRef = FC3484FE2F802F0D00AD28CA /* FirebaseFirestore */; };
/* End PBXBuildFile section */

/* Begin PBXContainerItemProxy section */
		FCA504A02F67989A006EA397 /* PBXContainerItemProxy */ = {
			isa = PBXContainerItemProxy;
			containerPortal = FCA504882F679899006EA397 /* Project object */;
			proxyType = 1;
			remoteGlobalIDString = FCA5048F2F679899006EA397;
			remoteInfo = "Meerkat - Milage Tracker";
		};
		FCA504AA2F67989A006EA397 /* PBXContainerItemProxy */ = {
			isa = PBXContainerItemProxy;
			containerPortal = FCA504882F679899006EA397 /* Project object */;
			proxyType = 1;
			remoteGlobalIDString = FCA5048F2F679899006EA397;
			remoteInfo = "Meerkat - Milage Tracker";
		};
/* End PBXContainerItemProxy section */

/* Begin PBXFileReference section */
		FC5C07CA2F68E00600A7E7A7 /* Info.plist */ = {isa = PBXFileReference; lastKnownFileType = text.plist.xml; path = Info.plist; sourceTree = "<group>"; };
		FC69A6922F68A2520064EF64 /* Meerkat - Milage Tracker.entitlements */ = {isa = PBXFileReference; lastKnownFileType = text.plist.entitlements; path = "Meerkat - Milage Tracker.entitlements"; sourceTree = "<group>"; };
		FC81B5672F8EA6D900A369EA /* firebase.json */ = {isa = PBXFileReference; lastKnownFileType = text.json; path = firebase.json; sourceTree = "<group>"; };
		FC81B5682F8EA6D900A369EA /* firestore.indexes.json */ = {isa = PBXFileReference; lastKnownFileType = text.json; path = firestore.indexes.json; sourceTree = "<group>"; };
		FC81B5692F8EA6D900A369EA /* package.json */ = {isa = PBXFileReference; lastKnownFileType = text.json; path = package.json; sourceTree = "<group>"; };
		FC81B56A2F8EA6D900A369EA /* tsconfig.json */ = {isa = PBXFileReference; lastKnownFileType = text.json; path = tsconfig.json; sourceTree = "<group>"; };
		FC81B56B2F8EA70200A369EA /* firestore.rules */ = {isa = PBXFileReference; lastKnownFileType = text; path = firestore.rules; sourceTree = "<group>"; };
		FC81B56C2F8EA70200A369EA /* index.ts */ = {isa = PBXFileReference; lastKnownFileType = sourcecode.typescript; path = index.ts; sourceTree = "<group>"; };
		FC81B56D2F8EA70200A369EA /* README.md */ = {isa = PBXFileReference; lastKnownFileType = net.daringfireball.markdown; path = README.md; sourceTree = "<group>"; };
		FCA504902F679899006EA397 /* Meerkat - Milage Tracker.app */ = {isa = PBXFileReference; explicitFileType = wrapper.application; includeInIndex = 0; path = "Meerkat - Milage Tracker.app"; sourceTree = BUILT_PRODUCTS_DIR; };
		FCA5049F2F67989A006EA397 /* Meerkat - Milage TrackerTests.xctest */ = {isa = PBXFileReference; explicitFileType = wrapper.cfbundle; includeInIndex = 0; path = "Meerkat - Milage TrackerTests.xctest"; sourceTree = BUILT_PRODUCTS_DIR; };
		FCA504A92F67989A006EA397 /* Meerkat - Milage TrackerUITests.xctest */ = {isa = PBXFileReference; explicitFileType = wrapper.cfbundle; includeInIndex = 0; path = "Meerkat - Milage TrackerUITests.xctest"; sourceTree = BUILT_PRODUCTS_DIR; };
/* End PBXFileReference section */

/* Begin PBXFileSystemSynchronizedBuildFileExceptionSet section */
		FC3484EA2F801B2400AD28CA /* Exceptions for "Meerkat - Milage Tracker" folder in "Meerkat - Milage TrackerTests" target */ = {
			isa = PBXFileSystemSynchronizedBuildFileExceptionSet;
			membershipExceptions = (
				"GoogleService-Info.plist",
			);
			target = FCA5049E2F67989A006EA397 /* Meerkat - Milage TrackerTests */;
		};
		FC3484EB2F801B2400AD28CA /* Exceptions for "Meerkat - Milage Tracker" folder in "Meerkat - Milage TrackerUITests" target */ = {
			isa = PBXFileSystemSynchronizedBuildFileExceptionSet;
			membershipExceptions = (
				"GoogleService-Info.plist",
			);
			target = FCA504A82F67989A006EA397 /* Meerkat - Milage TrackerUITests */;
		};
/* End PBXFileSystemSynchronizedBuildFileExceptionSet section */

/* Begin PBXFileSystemSynchronizedRootGroup section */
		FCA504922F679899006EA397 /* Meerkat - Milage Tracker */ = {
			isa = PBXFileSystemSynchronizedRootGroup;
			exceptions = (
				FC3484EA2F801B2400AD28CA /* Exceptions for "Meerkat - Milage Tracker" folder in "Meerkat - Milage TrackerTests" target */,
				FC3484EB2F801B2400AD28CA /* Exceptions for "Meerkat - Milage Tracker" folder in "Meerkat - Milage TrackerUITests" target */,
			);
			path = "Meerkat - Milage Tracker";
			sourceTree = "<group>";
		};
		FCA504A22F67989A006EA397 /* Meerkat - Milage TrackerTests */ = {
			isa = PBXFileSystemSynchronizedRootGroup;
			path = "Meerkat - Milage TrackerTests";
			sourceTree = "<group>";
		};
		FCA504AC2F67989A006EA397 /* Meerkat - Milage TrackerUITests */ = {
			isa = PBXFileSystemSynchronizedRootGroup;
			path = "Meerkat - Milage TrackerUITests";
			sourceTree = "<group>";
		};
/* End PBXFileSystemSynchronizedRootGroup section */

/* Begin PBXFrameworksBuildPhase section */
		FCA5048D2F679899006EA397 /* Frameworks */ = {
			isa = PBXFrameworksBuildPhase;
			buildActionMask = 2147483647;
			files = (
				FC3484F92F802F0D00AD28CA /* FirebaseAuth in Frameworks */,
				FC3484FB2F802F0D00AD28CA /* FirebaseCore in Frameworks */,
				FC3484FF2F802F0D00AD28CA /* FirebaseFirestore in Frameworks */,
			);
			runOnlyForDeploymentPostprocessing = 0;
		};
		FCA5049C2F67989A006EA397 /* Frameworks */ = {
			isa = PBXFrameworksBuildPhase;
			buildActionMask = 2147483647;
			files = (
			);
			runOnlyForDeploymentPostprocessing = 0;
		};
		FCA504A62F67989A006EA397 /* Frameworks */ = {
			isa = PBXFrameworksBuildPhase;
			buildActionMask = 2147483647;
			files = (
			);
			runOnlyForDeploymentPostprocessing = 0;
		};
/* End PBXFrameworksBuildPhase section */

/* Begin PBXGroup section */
		FC3484F72F802F0D00AD28CA /* Frameworks */ = {
			isa = PBXGroup;
			children = (
			);
			name = Frameworks;
			sourceTree = "<group>";
		};
		FC81B5632F8EA69D00A369EA /* backend */ = {
			isa = PBXGroup;
			children = (
				FC81B5642F8EA69E00A369EA /* firebase */,
			);
			path = backend;
			sourceTree = "<group>";
		};
		FC81B5642F8EA69E00A369EA /* firebase */ = {
			isa = PBXGroup;
			children = (
				FC81B5652F8EA69E00A369EA /* functions */,
				FC81B5672F8EA6D900A369EA /* firebase.json */,
				FC81B5682F8EA6D900A369EA /* firestore.indexes.json */,
				FC81B56B2F8EA70200A369EA /* firestore.rules */,
				FC81B56D2F8EA70200A369EA /* README.md */,
			);
			path = firebase;
			sourceTree = "<group>";
		};
		FC81B5652F8EA69E00A369EA /* functions */ = {
			isa = PBXGroup;
			children = (
				FC81B5662F8EA69E00A369EA /* src */,
				FC81B5692F8EA6D900A369EA /* package.json */,
				FC81B56A2F8EA6D900A369EA /* tsconfig.json */,
			);
			path = functions;
			sourceTree = "<group>";
		};
		FC81B5662F8EA69E00A369EA /* src */ = {
			isa = PBXGroup;
			children = (
				FC81B56C2F8EA70200A369EA /* index.ts */,
			);
			path = src;
			sourceTree = "<group>";
		};
		FCA504872F679899006EA397 = {
			isa = PBXGroup;
			children = (
				FCA504922F679899006EA397 /* Meerkat - Milage Tracker */,
				FCA504A22F67989A006EA397 /* Meerkat - Milage TrackerTests */,
				FCA504AC2F67989A006EA397 /* Meerkat - Milage TrackerUITests */,
				FCA504912F679899006EA397 /* Products */,
				FC69A6922F68A2520064EF64 /* Meerkat - Milage Tracker.entitlements */,
				FC5C07CA2F68E00600A7E7A7 /* Info.plist */,
				FC3484F72F802F0D00AD28CA /* Frameworks */,
				FC81B5632F8EA69D00A369EA /* backend */,
			);
			sourceTree = "<group>";
		};
		FCA504912F679899006EA397 /* Products */ = {
			isa = PBXGroup;
			children = (
				FCA504902F679899006EA397 /* Meerkat - Milage Tracker.app */,
				FCA5049F2F67989A006EA397 /* Meerkat - Milage TrackerTests.xctest */,
				FCA504A92F67989A006EA397 /* Meerkat - Milage TrackerUITests.xctest */,
			);
			name = Products;
			sourceTree = "<group>";
		};
/* End PBXGroup section */

/* Begin PBXNativeTarget section */
		FCA5048F2F679899006EA397 /* Meerkat - Milage Tracker */ = {
			isa = PBXNativeTarget;
			buildConfigurationList = FCA504B32F67989A006EA397 /* Build configuration list for PBXNativeTarget "Meerkat - Milage Tracker" */;
			buildPhases = (
				FCA5048C2F679899006EA397 /* Sources */,
				FCA5048D2F679899006EA397 /* Frameworks */,
				FCA5048E2F679899006EA397 /* Resources */,
			);
			buildRules = (
			);
			dependencies = (
			);
			fileSystemSynchronizedGroups = (
				FCA504922F679899006EA397 /* Meerkat - Milage Tracker */,
			);
			name = "Meerkat - Milage Tracker";
			packageProductDependencies = (
				FC3484F82F802F0D00AD28CA /* FirebaseAuth */,
				FC3484FA2F802F0D00AD28CA /* FirebaseCore */,
				FC3484FE2F802F0D00AD28CA /* FirebaseFirestore */,
			);
			productName = "Meerkat - Milage Tracker";
			productReference = FCA504902F679899006EA397 /* Meerkat - Milage Tracker.app */;
			productType = "com.apple.product-type.application";
		};
		FCA5049E2F67989A006EA397 /* Meerkat - Milage TrackerTests */ = {
			isa = PBXNativeTarget;
			buildConfigurationList = FCA504B62F67989A006EA397 /* Build configuration list for PBXNativeTarget "Meerkat - Milage TrackerTests" */;
			buildPhases = (
				FCA5049B2F67989A006EA397 /* Sources */,
				FCA5049C2F67989A006EA397 /* Frameworks */,
				FCA5049D2F67989A006EA397 /* Resources */,
			);
			buildRules = (
			);
			dependencies = (
				FCA504A12F67989A006EA397 /* PBXTargetDependency */,
			);
			fileSystemSynchronizedGroups = (
				FCA504A22F67989A006EA397 /* Meerkat - Milage TrackerTests */,
			);
			name = "Meerkat - Milage TrackerTests";
			packageProductDependencies = (
			);
			productName = "Meerkat - Milage TrackerTests";
			productReference = FCA5049F2F67989A006EA397 /* Meerkat - Milage TrackerTests.xctest */;
			productType = "com.apple.product-type.bundle.unit-test";
		};
		FCA504A82F67989A006EA397 /* Meerkat - Milage TrackerUITests */ = {
			isa = PBXNativeTarget;
			buildConfigurationList = FCA504B92F67989A006EA397 /* Build configuration list for PBXNativeTarget "Meerkat - Milage TrackerUITests" */;
			buildPhases = (
				FCA504A52F67989A006EA397 /* Sources */,
				FCA504A62F67989A006EA397 /* Frameworks */,
				FCA504A72F67989A006EA397 /* Resources */,
			);
			buildRules = (
			);
			dependencies = (
				FCA504AB2F67989A006EA397 /* PBXTargetDependency */,
			);
			fileSystemSynchronizedGroups = (
				FCA504AC2F67989A006EA397 /* Meerkat - Milage TrackerUITests */,
			);
			name = "Meerkat - Milage TrackerUITests";
			packageProductDependencies = (
			);
			productName = "Meerkat - Milage TrackerUITests";
			productReference = FCA504A92F67989A006EA397 /* Meerkat - Milage TrackerUITests.xctest */;
			productType = "com.apple.product-type.bundle.ui-testing";
		};
/* End PBXNativeTarget section */

/* Begin PBXProject section */
		FCA504882F679899006EA397 /* Project object */ = {
			isa = PBXProject;
			attributes = {
				BuildIndependentTargetsInParallel = 1;
				LastSwiftUpdateCheck = 2630;
				LastUpgradeCheck = 2630;
				ORGANIZATIONNAME = "Meerkat Innovations";
				TargetAttributes = {
					FCA5048F2F679899006EA397 = {
						CreatedOnToolsVersion = 26.3;
					};
					FCA5049E2F67989A006EA397 = {
						CreatedOnToolsVersion = 26.3;
						TestTargetID = FCA5048F2F679899006EA397;
					};
					FCA504A82F67989A006EA397 = {
						CreatedOnToolsVersion = 26.3;
						TestTargetID = FCA5048F2F679899006EA397;
					};
				};
			};
			buildConfigurationList = FCA5048B2F679899006EA397 /* Build configuration list for PBXProject "Meerkat - Milage Tracker" */;
			developmentRegion = en;
			hasScannedForEncodings = 0;
			knownRegions = (
				en,
				Base,
			);
			mainGroup = FCA504872F679899006EA397;
			minimizedProjectReferenceProxies = 1;
			packageReferences = (
				FC3484EC2F8023D000AD28CA /* XCRemoteSwiftPackageReference "firebase-ios-sdk" */,
			);
			preferredProjectObjectVersion = 77;
			productRefGroup = FCA504912F679899006EA397 /* Products */;
			projectDirPath = "";
			projectRoot = "";
			targets = (
				FCA5048F2F679899006EA397 /* Meerkat - Milage Tracker */,
				FCA5049E2F67989A006EA397 /* Meerkat - Milage TrackerTests */,
				FCA504A82F67989A006EA397 /* Meerkat - Milage TrackerUITests */,
			);
		};
/* End PBXProject section */

/* Begin PBXResourcesBuildPhase section */
		FCA5048E2F679899006EA397 /* Resources */ = {
			isa = PBXResourcesBuildPhase;
			buildActionMask = 2147483647;
			files = (
			);
			runOnlyForDeploymentPostprocessing = 0;
		};
		FCA5049D2F67989A006EA397 /* Resources */ = {
			isa = PBXResourcesBuildPhase;
			buildActionMask = 2147483647;
			files = (
			);
			runOnlyForDeploymentPostprocessing = 0;
		};
		FCA504A72F67989A006EA397 /* Resources */ = {
			isa = PBXResourcesBuildPhase;
			buildActionMask = 2147483647;
			files = (
			);
			runOnlyForDeploymentPostprocessing = 0;
		};
/* End PBXResourcesBuildPhase section */

/* Begin PBXSourcesBuildPhase section */
		FCA5048C2F679899006EA397 /* Sources */ = {
			isa = PBXSourcesBuildPhase;
			buildActionMask = 2147483647;
			files = (
			);
			runOnlyForDeploymentPostprocessing = 0;
		};
		FCA5049B2F67989A006EA397 /* Sources */ = {
			isa = PBXSourcesBuildPhase;
			buildActionMask = 2147483647;
			files = (
			);
			runOnlyForDeploymentPostprocessing = 0;
		};
		FCA504A52F67989A006EA397 /* Sources */ = {
			isa = PBXSourcesBuildPhase;
			buildActionMask = 2147483647;
			files = (
			);
			runOnlyForDeploymentPostprocessing = 0;
		};
/* End PBXSourcesBuildPhase section */

/* Begin PBXTargetDependency section */
		FCA504A12F67989A006EA397 /* PBXTargetDependency */ = {
			isa = PBXTargetDependency;
			target = FCA5048F2F679899006EA397 /* Meerkat - Milage Tracker */;
			targetProxy = FCA504A02F67989A006EA397 /* PBXContainerItemProxy */;
		};
		FCA504AB2F67989A006EA397 /* PBXTargetDependency */ = {
			isa = PBXTargetDependency;
			target = FCA5048F2F679899006EA397 /* Meerkat - Milage Tracker */;
			targetProxy = FCA504AA2F67989A006EA397 /* PBXContainerItemProxy */;
		};
/* End PBXTargetDependency section */

/* Begin XCBuildConfiguration section */
		FCA504B12F67989A006EA397 /* Debug */ = {
			isa = XCBuildConfiguration;
			buildSettings = {
				ALWAYS_SEARCH_USER_PATHS = NO;
				ASSETCATALOG_COMPILER_GENERATE_SWIFT_ASSET_SYMBOL_EXTENSIONS = YES;
				CLANG_ANALYZER_NONNULL = YES;
				CLANG_ANALYZER_NUMBER_OBJECT_CONVERSION = YES_AGGRESSIVE;
				CLANG_CXX_LANGUAGE_STANDARD = "gnu++20";
				CLANG_ENABLE_MODULES = YES;
				CLANG_ENABLE_OBJC_ARC = YES;
				CLANG_ENABLE_OBJC_WEAK = YES;
				CLANG_WARN_BLOCK_CAPTURE_AUTORELEASING = YES;
				CLANG_WARN_BOOL_CONVERSION = YES;
				CLANG_WARN_COMMA = YES;
				CLANG_WARN_CONSTANT_CONVERSION = YES;
				CLANG_WARN_DEPRECATED_OBJC_IMPLEMENTATIONS = YES;
				CLANG_WARN_DIRECT_OBJC_ISA_USAGE = YES_ERROR;
				CLANG_WARN_DOCUMENTATION_COMMENTS = YES;
				CLANG_WARN_EMPTY_BODY = YES;
				CLANG_WARN_ENUM_CONVERSION = YES;
				CLANG_WARN_INFINITE_RECURSION = YES;
				CLANG_WARN_INT_CONVERSION = YES;
				CLANG_WARN_NON_LITERAL_NULL_CONVERSION = YES;
				CLANG_WARN_OBJC_IMPLICIT_RETAIN_SELF = YES;
				CLANG_WARN_OBJC_LITERAL_CONVERSION = YES;
				CLANG_WARN_OBJC_ROOT_CLASS = YES_ERROR;
				CLANG_WARN_QUOTED_INCLUDE_IN_FRAMEWORK_HEADER = YES;
				CLANG_WARN_RANGE_LOOP_ANALYSIS = YES;
				CLANG_WARN_STRICT_PROTOTYPES = YES;
				CLANG_WARN_SUSPICIOUS_MOVE = YES;
				CLANG_WARN_UNGUARDED_AVAILABILITY = YES_AGGRESSIVE;
				CLANG_WARN_UNREACHABLE_CODE = YES;
				CLANG_WARN__DUPLICATE_METHOD_MATCH = YES;
				CODE_SIGN_ENTITLEMENTS = "Meerkat - Milage Tracker.entitlements";
				COPY_PHASE_STRIP = NO;
				DEBUG_INFORMATION_FORMAT = dwarf;
				DEVELOPMENT_TEAM = D22LQZ6TBY;
				ENABLE_STRICT_OBJC_MSGSEND = YES;
				ENABLE_TESTABILITY = YES;
				ENABLE_USER_SCRIPT_SANDBOXING = YES;
				GCC_C_LANGUAGE_STANDARD = gnu17;
				GCC_DYNAMIC_NO_PIC = NO;
				GCC_NO_COMMON_BLOCKS = YES;
				GCC_OPTIMIZATION_LEVEL = 0;
				GCC_PREPROCESSOR_DEFINITIONS = (
					"DEBUG=1",
					"$(inherited)",
				);
				GCC_WARN_64_TO_32_BIT_CONVERSION = YES;
				GCC_WARN_ABOUT_RETURN_TYPE = YES_ERROR;
				GCC_WARN_UNDECLARED_SELECTOR = YES;
				GCC_WARN_UNINITIALIZED_AUTOS = YES_AGGRESSIVE;
				GCC_WARN_UNUSED_FUNCTION = YES;
				GCC_WARN_UNUSED_VARIABLE = YES;
				IPHONEOS_DEPLOYMENT_TARGET = 26.2;
				LOCALIZATION_PREFERS_STRING_CATALOGS = YES;
				MTL_ENABLE_DEBUG_INFO = INCLUDE_SOURCE;
				MTL_FAST_MATH = YES;
				ONLY_ACTIVE_ARCH = YES;
				SDKROOT = iphoneos;
				SWIFT_ACTIVE_COMPILATION_CONDITIONS = "DEBUG $(inherited)";
				SWIFT_OPTIMIZATION_LEVEL = "-Onone";
			};
			name = Debug;
		};
		FCA504B22F67989A006EA397 /* Release */ = {
			isa = XCBuildConfiguration;
			buildSettings = {
				ALWAYS_SEARCH_USER_PATHS = NO;
				ASSETCATALOG_COMPILER_GENERATE_SWIFT_ASSET_SYMBOL_EXTENSIONS = YES;
				CLANG_ANALYZER_NONNULL = YES;
				CLANG_ANALYZER_NUMBER_OBJECT_CONVERSION = YES_AGGRESSIVE;
				CLANG_CXX_LANGUAGE_STANDARD = "gnu++20";
				CLANG_ENABLE_MODULES = YES;
				CLANG_ENABLE_OBJC_ARC = YES;
				CLANG_ENABLE_OBJC_WEAK = YES;
				CLANG_WARN_BLOCK_CAPTURE_AUTORELEASING = YES;
				CLANG_WARN_BOOL_CONVERSION = YES;
				CLANG_WARN_COMMA = YES;
				CLANG_WARN_CONSTANT_CONVERSION = YES;
				CLANG_WARN_DEPRECATED_OBJC_IMPLEMENTATIONS = YES;
				CLANG_WARN_DIRECT_OBJC_ISA_USAGE = YES_ERROR;
				CLANG_WARN_DOCUMENTATION_COMMENTS = YES;
				CLANG_WARN_EMPTY_BODY = YES;
				CLANG_WARN_ENUM_CONVERSION = YES;
				CLANG_WARN_INFINITE_RECURSION = YES;
				CLANG_WARN_INT_CONVERSION = YES;
				CLANG_WARN_NON_LITERAL_NULL_CONVERSION = YES;
				CLANG_WARN_OBJC_IMPLICIT_RETAIN_SELF = YES;
				CLANG_WARN_OBJC_LITERAL_CONVERSION = YES;
				CLANG_WARN_OBJC_ROOT_CLASS = YES_ERROR;
				CLANG_WARN_QUOTED_INCLUDE_IN_FRAMEWORK_HEADER = YES;
				CLANG_WARN_RANGE_LOOP_ANALYSIS = YES;
				CLANG_WARN_STRICT_PROTOTYPES = YES;
				CLANG_WARN_SUSPICIOUS_MOVE = YES;
				CLANG_WARN_UNGUARDED_AVAILABILITY = YES_AGGRESSIVE;
				CLANG_WARN_UNREACHABLE_CODE = YES;
				CLANG_WARN__DUPLICATE_METHOD_MATCH = YES;
				CODE_SIGN_ENTITLEMENTS = "Meerkat - Milage Tracker.entitlements";
				COPY_PHASE_STRIP = NO;
				DEBUG_INFORMATION_FORMAT = "dwarf-with-dsym";
				DEVELOPMENT_TEAM = D22LQZ6TBY;
				ENABLE_NS_ASSERTIONS = NO;
				ENABLE_STRICT_OBJC_MSGSEND = YES;
				ENABLE_USER_SCRIPT_SANDBOXING = YES;
				GCC_C_LANGUAGE_STANDARD = gnu17;
				GCC_NO_COMMON_BLOCKS = YES;
				GCC_WARN_64_TO_32_BIT_CONVERSION = YES;
				GCC_WARN_ABOUT_RETURN_TYPE = YES_ERROR;
				GCC_WARN_UNDECLARED_SELECTOR = YES;
				GCC_WARN_UNINITIALIZED_AUTOS = YES_AGGRESSIVE;
				GCC_WARN_UNUSED_FUNCTION = YES;
				GCC_WARN_UNUSED_VARIABLE = YES;
				IPHONEOS_DEPLOYMENT_TARGET = 26.2;
				LOCALIZATION_PREFERS_STRING_CATALOGS = YES;
				MTL_ENABLE_DEBUG_INFO = NO;
				MTL_FAST_MATH = YES;
				SDKROOT = iphoneos;
				SWIFT_COMPILATION_MODE = wholemodule;
				VALIDATE_PRODUCT = YES;
			};
			name = Release;
		};
		FCA504B42F67989A006EA397 /* Debug */ = {
			isa = XCBuildConfiguration;
			buildSettings = {
				ASSETCATALOG_COMPILER_APPICON_NAME = AppIcon;
				ASSETCATALOG_COMPILER_GLOBAL_ACCENT_COLOR_NAME = AccentColor;
				CODE_SIGN_ENTITLEMENTS = "Meerkat - Milage Tracker.entitlements";
				CODE_SIGN_IDENTITY = "Apple Development";
				CODE_SIGN_STYLE = Automatic;
				CURRENT_PROJECT_VERSION = 1;
				DEVELOPMENT_TEAM = D22LQZ6TBY;
				ENABLE_PREVIEWS = YES;
				GENERATE_INFOPLIST_FILE = NO;
				INFOPLIST_FILE = Info.plist;
				INFOPLIST_KEY_CFBundleDisplayName = "Meerkat Innovations";
				INFOPLIST_KEY_LSApplicationCategoryType = "public.app-category.utilities";
				IPHONEOS_DEPLOYMENT_TARGET = 26.0;
				LD_RUNPATH_SEARCH_PATHS = (
					"$(inherited)",
					"@executable_path/Frameworks",
				);
				MARKETING_VERSION = 2.1;
				PRODUCT_BUNDLE_IDENTIFIER = "com.miletracker.app.Meerkat---Milage-Tracker";
				PRODUCT_NAME = "$(TARGET_NAME)";
				PROVISIONING_PROFILE_SPECIFIER = "";
				STRING_CATALOG_GENERATE_SYMBOLS = YES;
				SUPPORTED_PLATFORMS = "iphoneos iphonesimulator";
				SUPPORTS_MACCATALYST = NO;
				SUPPORTS_XR_DESIGNED_FOR_IPHONE_IPAD = NO;
				SWIFT_APPROACHABLE_CONCURRENCY = YES;
				SWIFT_DEFAULT_ACTOR_ISOLATION = MainActor;
				SWIFT_EMIT_LOC_STRINGS = YES;
				SWIFT_UPCOMING_FEATURE_MEMBER_IMPORT_VISIBILITY = YES;
				SWIFT_VERSION = 5.0;
				TARGETED_DEVICE_FAMILY = "1,2";
			};
			name = Debug;
		};
		FCA504B52F67989A006EA397 /* Release */ = {
			isa = XCBuildConfiguration;
			buildSettings = {
				ASSETCATALOG_COMPILER_APPICON_NAME = AppIcon;
				ASSETCATALOG_COMPILER_GLOBAL_ACCENT_COLOR_NAME = AccentColor;
				CODE_SIGN_ENTITLEMENTS = "Meerkat - Milage Tracker.entitlements";
				CODE_SIGN_IDENTITY = "Apple Development";
				CODE_SIGN_STYLE = Automatic;
				CURRENT_PROJECT_VERSION = 1;
				DEVELOPMENT_TEAM = D22LQZ6TBY;
				ENABLE_PREVIEWS = YES;
				GENERATE_INFOPLIST_FILE = NO;
				INFOPLIST_FILE = Info.plist;
				INFOPLIST_KEY_CFBundleDisplayName = "Meerkat Innovations";
				INFOPLIST_KEY_LSApplicationCategoryType = "public.app-category.utilities";
				IPHONEOS_DEPLOYMENT_TARGET = 26.0;
				LD_RUNPATH_SEARCH_PATHS = (
					"$(inherited)",
					"@executable_path/Frameworks",
				);
				MARKETING_VERSION = 2.1;
				PRODUCT_BUNDLE_IDENTIFIER = "com.miletracker.app.Meerkat---Milage-Tracker";
				PRODUCT_NAME = "$(TARGET_NAME)";
				PROVISIONING_PROFILE_SPECIFIER = "";
				STRING_CATALOG_GENERATE_SYMBOLS = YES;
				SUPPORTED_PLATFORMS = "iphoneos iphonesimulator";
				SUPPORTS_MACCATALYST = NO;
				SUPPORTS_XR_DESIGNED_FOR_IPHONE_IPAD = NO;
				SWIFT_APPROACHABLE_CONCURRENCY = YES;
				SWIFT_DEFAULT_ACTOR_ISOLATION = MainActor;
				SWIFT_EMIT_LOC_STRINGS = YES;
				SWIFT_UPCOMING_FEATURE_MEMBER_IMPORT_VISIBILITY = YES;
				SWIFT_VERSION = 5.0;
				TARGETED_DEVICE_FAMILY = "1,2";
			};
			name = Release;
		};
		FCA504B72F67989A006EA397 /* Debug */ = {
			isa = XCBuildConfiguration;
			buildSettings = {
				BUNDLE_LOADER = "$(TEST_HOST)";
				CODE_SIGN_IDENTITY = "Apple Development";
				"CODE_SIGN_IDENTITY[sdk=macosx*]" = "Apple Development";
				CODE_SIGN_STYLE = Automatic;
				CURRENT_PROJECT_VERSION = 1;
				DEVELOPMENT_TEAM = D22LQZ6TBY;
				GENERATE_INFOPLIST_FILE = YES;
				IPHONEOS_DEPLOYMENT_TARGET = 26.2;
				MARKETING_VERSION = 2.1;
				PRODUCT_BUNDLE_IDENTIFIER = "com.miletracker.app.Meerkat---Milage-TrackerTests";
				PRODUCT_NAME = "$(TARGET_NAME)";
				PROVISIONING_PROFILE_SPECIFIER = "";
				STRING_CATALOG_GENERATE_SYMBOLS = NO;
				SWIFT_APPROACHABLE_CONCURRENCY = YES;
				SWIFT_EMIT_LOC_STRINGS = NO;
				SWIFT_UPCOMING_FEATURE_MEMBER_IMPORT_VISIBILITY = YES;
				SWIFT_VERSION = 5.0;
				TARGETED_DEVICE_FAMILY = "1,2";
				TEST_HOST = "$(BUILT_PRODUCTS_DIR)/Meerkat - Milage Tracker.app/$(BUNDLE_EXECUTABLE_FOLDER_PATH)/Meerkat - Milage Tracker";
			};
			name = Debug;
		};
		FCA504B82F67989A006EA397 /* Release */ = {
			isa = XCBuildConfiguration;
			buildSettings = {
				BUNDLE_LOADER = "$(TEST_HOST)";
				CODE_SIGN_IDENTITY = "Apple Development";
				"CODE_SIGN_IDENTITY[sdk=macosx*]" = "Apple Development";
				CODE_SIGN_STYLE = Automatic;
				CURRENT_PROJECT_VERSION = 1;
				DEVELOPMENT_TEAM = D22LQZ6TBY;
				GENERATE_INFOPLIST_FILE = YES;
				IPHONEOS_DEPLOYMENT_TARGET = 26.2;
				MARKETING_VERSION = 2.1;
				PRODUCT_BUNDLE_IDENTIFIER = "com.miletracker.app.Meerkat---Milage-TrackerTests";
				PRODUCT_NAME = "$(TARGET_NAME)";
				PROVISIONING_PROFILE_SPECIFIER = "";
				STRING_CATALOG_GENERATE_SYMBOLS = NO;
				SWIFT_APPROACHABLE_CONCURRENCY = YES;
				SWIFT_EMIT_LOC_STRINGS = NO;
				SWIFT_UPCOMING_FEATURE_MEMBER_IMPORT_VISIBILITY = YES;
				SWIFT_VERSION = 5.0;
				TARGETED_DEVICE_FAMILY = "1,2";
				TEST_HOST = "$(BUILT_PRODUCTS_DIR)/Meerkat - Milage Tracker.app/$(BUNDLE_EXECUTABLE_FOLDER_PATH)/Meerkat - Milage Tracker";
			};
			name = Release;
		};
		FCA504BA2F67989A006EA397 /* Debug */ = {
			isa = XCBuildConfiguration;
			buildSettings = {
				CODE_SIGN_IDENTITY = "Apple Development";
				CODE_SIGN_STYLE = Automatic;
				CURRENT_PROJECT_VERSION = 1;
				DEVELOPMENT_TEAM = D22LQZ6TBY;
				GENERATE_INFOPLIST_FILE = YES;
				MARKETING_VERSION = 2.1;
				PRODUCT_BUNDLE_IDENTIFIER = "com.miletracker.app.Meerkat---Milage-TrackerUITests";
				PRODUCT_NAME = "$(TARGET_NAME)";
				PROVISIONING_PROFILE_SPECIFIER = "";
				STRING_CATALOG_GENERATE_SYMBOLS = NO;
				SWIFT_APPROACHABLE_CONCURRENCY = YES;
				SWIFT_EMIT_LOC_STRINGS = NO;
				SWIFT_UPCOMING_FEATURE_MEMBER_IMPORT_VISIBILITY = YES;
				SWIFT_VERSION = 5.0;
				TARGETED_DEVICE_FAMILY = "1,2";
				TEST_TARGET_NAME = "Meerkat - Milage Tracker";
			};
			name = Debug;
		};
		FCA504BB2F67989A006EA397 /* Release */ = {
			isa = XCBuildConfiguration;
			buildSettings = {
				CODE_SIGN_IDENTITY = "Apple Development";
				CODE_SIGN_STYLE = Automatic;
				CURRENT_PROJECT_VERSION = 1;
				DEVELOPMENT_TEAM = D22LQZ6TBY;
				GENERATE_INFOPLIST_FILE = YES;
				MARKETING_VERSION = 2.1;
				PRODUCT_BUNDLE_IDENTIFIER = "com.miletracker.app.Meerkat---Milage-TrackerUITests";
				PRODUCT_NAME = "$(TARGET_NAME)";
				PROVISIONING_PROFILE_SPECIFIER = "";
				STRING_CATALOG_GENERATE_SYMBOLS = NO;
				SWIFT_APPROACHABLE_CONCURRENCY = YES;
				SWIFT_EMIT_LOC_STRINGS = NO;
				SWIFT_UPCOMING_FEATURE_MEMBER_IMPORT_VISIBILITY = YES;
				SWIFT_VERSION = 5.0;
				TARGETED_DEVICE_FAMILY = "1,2";
				TEST_TARGET_NAME = "Meerkat - Milage Tracker";
			};
			name = Release;
		};
/* End XCBuildConfiguration section */

/* Begin XCConfigurationList section */
		FCA5048B2F679899006EA397 /* Build configuration list for PBXProject "Meerkat - Milage Tracker" */ = {
			isa = XCConfigurationList;
			buildConfigurations = (
				FCA504B12F67989A006EA397 /* Debug */,
				FCA504B22F67989A006EA397 /* Release */,
			);
			defaultConfigurationIsVisible = 0;
			defaultConfigurationName = Release;
		};
		FCA504B32F67989A006EA397 /* Build configuration list for PBXNativeTarget "Meerkat - Milage Tracker" */ = {
			isa = XCConfigurationList;
			buildConfigurations = (
				FCA504B42F67989A006EA397 /* Debug */,
				FCA504B52F67989A006EA397 /* Release */,
			);
			defaultConfigurationIsVisible = 0;
			defaultConfigurationName = Release;
		};
		FCA504B62F67989A006EA397 /* Build configuration list for PBXNativeTarget "Meerkat - Milage TrackerTests" */ = {
			isa = XCConfigurationList;
			buildConfigurations = (
				FCA504B72F67989A006EA397 /* Debug */,
				FCA504B82F67989A006EA397 /* Release */,
			);
			defaultConfigurationIsVisible = 0;
			defaultConfigurationName = Release;
		};
		FCA504B92F67989A006EA397 /* Build configuration list for PBXNativeTarget "Meerkat - Milage TrackerUITests" */ = {
			isa = XCConfigurationList;
			buildConfigurations = (
				FCA504BA2F67989A006EA397 /* Debug */,
				FCA504BB2F67989A006EA397 /* Release */,
			);
			defaultConfigurationIsVisible = 0;
			defaultConfigurationName = Release;
		};
/* End XCConfigurationList section */

/* Begin XCRemoteSwiftPackageReference section */
		FC3484EC2F8023D000AD28CA /* XCRemoteSwiftPackageReference "firebase-ios-sdk" */ = {
			isa = XCRemoteSwiftPackageReference;
			repositoryURL = "https://github.com/firebase/firebase-ios-sdk";
			requirement = {
				kind = upToNextMajorVersion;
				minimumVersion = 12.11.0;
			};
		};
/* End XCRemoteSwiftPackageReference section */

/* Begin XCSwiftPackageProductDependency section */
		FC3484F82F802F0D00AD28CA /* FirebaseAuth */ = {
			isa = XCSwiftPackageProductDependency;
			package = FC3484EC2F8023D000AD28CA /* XCRemoteSwiftPackageReference "firebase-ios-sdk" */;
			productName = FirebaseAuth;
		};
		FC3484FA2F802F0D00AD28CA /* FirebaseCore */ = {
			isa = XCSwiftPackageProductDependency;
			package = FC3484EC2F8023D000AD28CA /* XCRemoteSwiftPackageReference "firebase-ios-sdk" */;
			productName = FirebaseCore;
		};
		FC3484FE2F802F0D00AD28CA /* FirebaseFirestore */ = {
			isa = XCSwiftPackageProductDependency;
			package = FC3484EC2F8023D000AD28CA /* XCRemoteSwiftPackageReference "firebase-ios-sdk" */;
			productName = FirebaseFirestore;
		};
/* End XCSwiftPackageProductDependency section */
	};
	rootObject = FCA504882F679899006EA397 /* Project object */;
}
